// !$*UTF8*$!
{
	archiveVersion = 1;
	classes = {
	};
	objectVersion = 46;
	objects = {

/* Begin PBXBuildFile section */
		98F93F5919FF6A4700D2A30A /* main.m in Sources */ = {isa = PBXBuildFile; fileRef = 98F93F5819FF6A4700D2A30A /* main.m */; };
		98F93F5C19FF6A4700D2A30A /* AppDelegate.m in Sources */ = {isa = PBXBuildFile; fileRef = 98F93F5B19FF6A4700D2A30A /* AppDelegate.m */; };
		98F93F5F19FF6A4700D2A30A /* ViewController.m in Sources */ = {isa = PBXBuildFile; fileRef = 98F93F5E19FF6A4700D2A30A /* ViewController.m */; };
		98F93F6219FF6A4700D2A30A /* Main.storyboard in Resources */ = {isa = PBXBuildFile; fileRef = 98F93F6019FF6A4700D2A30A /* Main.storyboard */; };
		98F93F6419FF6A4700D2A30A /* Images.xcassets in Resources */ = {isa = PBXBuildFile; fileRef = 98F93F6319FF6A4700D2A30A /* Images.xcassets */; };
		98F93F6719FF6A4700D2A30A /* LaunchScreen.xib in Resources */ = {isa = PBXBuildFile; fileRef = 98F93F6519FF6A4700D2A30A /* LaunchScreen.xib */; };
		98F93F7319FF6A4700D2A30A /* PhotoWalkTests.m in Sources */ = {isa = PBXBuildFile; fileRef = 98F93F7219FF6A4700D2A30A /* PhotoWalkTests.m */; };
		98F93F9519FF6AFA00D2A30A /* CameraViewController.m in Sources */ = {isa = PBXBuildFile; fileRef = 98F93F7E19FF6AFA00D2A30A /* CameraViewController.m */; };
		98F93F9619FF6AFA00D2A30A /* SlideshowViewController.m in Sources */ = {isa = PBXBuildFile; fileRef = 98F93F8119FF6AFA00D2A30A /* SlideshowViewController.m */; };
		98F93F9719FF6AFA00D2A30A /* CustomAnnotation.m in Sources */ = {isa = PBXBuildFile; fileRef = 98F93F8419FF6AFA00D2A30A /* CustomAnnotation.m */; };
		98F93F9819FF6AFA00D2A30A /* CustomAnnotation_GPS.m in Sources */ = {isa = PBXBuildFile; fileRef = 98F93F8619FF6AFA00D2A30A /* CustomAnnotation_GPS.m */; };
		98F93F9919FF6AFA00D2A30A /* CustomAnnotation_GPS_Old.m in Sources */ = {isa = PBXBuildFile; fileRef = 98F93F8819FF6AFA00D2A30A /* CustomAnnotation_GPS_Old.m */; };
		98F93F9A19FF6AFA00D2A30A /* CustomAnnotation_Hata.m in Sources */ = {isa = PBXBuildFile; fileRef = 98F93F8A19FF6AFA00D2A30A /* CustomAnnotation_Hata.m */; };
		98F93F9B19FF6AFA00D2A30A /* CustomAnnotation_HataOk.m in Sources */ = {isa = PBXBuildFile; fileRef = 98F93F8C19FF6AFA00D2A30A /* CustomAnnotation_HataOk.m */; };
		98F93F9C19FF6AFA00D2A30A /* CustomAnnotation_Photo.m in Sources */ = {isa = PBXBuildFile; fileRef = 98F93F8E19FF6AFA00D2A30A /* CustomAnnotation_Photo.m */; };
		98F93F9D19FF6AFA00D2A30A /* HataView.m in Sources */ = {isa = PBXBuildFile; fileRef = 98F93F9019FF6AFA00D2A30A /* HataView.m */; };
		98F93F9E19FF6AFA00D2A30A /* HataViewController.m in Sources */ = {isa = PBXBuildFile; fileRef = 98F93F9219FF6AFA00D2A30A /* HataViewController.m */; };
		98F93F9F19FF6AFA00D2A30A /* MapViewController.m in Sources */ = {isa = PBXBuildFile; fileRef = 98F93F9419FF6AFA00D2A30A /* MapViewController.m */; };
/* End PBXBuildFile section */

/* Begin PBXContainerItemProxy section */
		98F93F6D19FF6A4700D2A30A /* PBXContainerItemProxy */ = {
			isa = PBXContainerItemProxy;
			containerPortal = 98F93F4B19FF6A4700D2A30A /* Project object */;
			proxyType = 1;
			remoteGlobalIDString = 98F93F5219FF6A4700D2A30A;
			remoteInfo = PhotoWalk;
		};
/* End PBXContainerItemProxy section */

/* Begin PBXFileReference section */
		98F93F5319FF6A4700D2A30A /* PhotoWalk.app */ = {isa = PBXFileReference; explicitFileType = wrapper.application; includeInIndex = 0; path = PhotoWalk.app; sourceTree = BUILT_PRODUCTS_DIR; };
		98F93F5719FF6A4700D2A30A /* Info.plist */ = {isa = PBXFileReference; lastKnownFileType = text.plist.xml; path = Info.plist; sourceTree = "<group>"; };
		98F93F5819FF6A4700D2A30A /* main.m */ = {isa = PBXFileReference; lastKnownFileType = sourcecode.c.objc; path = main.m; sourceTree = "<group>"; };
		98F93F5A19FF6A4700D2A30A /* AppDelegate.h */ = {isa = PBXFileReference; lastKnownFileType = sourcecode.c.h; path = AppDelegate.h; sourceTree = "<group>"; };
		98F93F5B19FF6A4700D2A30A /* AppDelegate.m */ = {isa = PBXFileReference; lastKnownFileType = sourcecode.c.objc; path = AppDelegate.m; sourceTree = "<group>"; };
		98F93F5D19FF6A4700D2A30A /* ViewController.h */ = {isa = PBXFileReference; lastKnownFileType = sourcecode.c.h; path = ViewController.h; sourceTree = "<group>"; };
		98F93F5E19FF6A4700D2A30A /* ViewController.m */ = {isa = PBXFileReference; lastKnownFileType = sourcecode.c.objc; path = ViewController.m; sourceTree = "<group>"; };
		98F93F6119FF6A4700D2A30A /* Base */ = {isa = PBXFileReference; lastKnownFileType = file.storyboard; name = Base; path = Base.lproj/Main.storyboard; sourceTree = "<group>"; };
		98F93F6319FF6A4700D2A30A /* Images.xcassets */ = {isa = PBXFileReference; lastKnownFileType = folder.assetcatalog; path = Images.xcassets; sourceTree = "<group>"; };
		98F93F6619FF6A4700D2A30A /* Base */ = {isa = PBXFileReference; lastKnownFileType = file.xib; name = Base; path = Base.lproj/LaunchScreen.xib; sourceTree = "<group>"; };
		98F93F6C19FF6A4700D2A30A /* PhotoWalkTests.xctest */ = {isa = PBXFileReference; explicitFileType = wrapper.cfbundle; includeInIndex = 0; path = PhotoWalkTests.xctest; sourceTree = BUILT_PRODUCTS_DIR; };
		98F93F7119FF6A4700D2A30A /* Info.plist */ = {isa = PBXFileReference; lastKnownFileType = text.plist.xml; path = Info.plist; sourceTree = "<group>"; };
		98F93F7219FF6A4700D2A30A /* PhotoWalkTests.m */ = {isa = PBXFileReference; lastKnownFileType = sourcecode.c.objc; path = PhotoWalkTests.m; sourceTree = "<group>"; };
		98F93F7D19FF6AFA00D2A30A /* CameraViewController.h */ = {isa = PBXFileReference; fileEncoding = 4; lastKnownFileType = sourcecode.c.h; path = CameraViewController.h; sourceTree = "<group>"; };
		98F93F7E19FF6AFA00D2A30A /* CameraViewController.m */ = {isa = PBXFileReference; fileEncoding = 4; lastKnownFileType = sourcecode.c.objc; path = CameraViewController.m; sourceTree = "<group>"; };
		98F93F8019FF6AFA00D2A30A /* SlideshowViewController.h */ = {isa = PBXFileReference; fileEncoding = 4; lastKnownFileType = sourcecode.c.h; path = SlideshowViewController.h; sourceTree = "<group>"; };
		98F93F8119FF6AFA00D2A30A /* SlideshowViewController.m */ = {isa = PBXFileReference; fileEncoding = 4; lastKnownFileType = sourcecode.c.objc; path = SlideshowViewController.m; sourceTree = "<group>"; };
		98F93F8319FF6AFA00D2A30A /* CustomAnnotation.h */ = {isa = PBXFileReference; fileEncoding = 4; lastKnownFileType = sourcecode.c.h; path = CustomAnnotation.h; sourceTree = "<group>"; };
		98F93F8419FF6AFA00D2A30A /* CustomAnnotation.m */ = {isa = PBXFileReference; fileEncoding = 4; lastKnownFileType = sourcecode.c.objc; path = CustomAnnotation.m; sourceTree = "<group>"; };
		98F93F8519FF6AFA00D2A30A /* CustomAnnotation_GPS.h */ = {isa = PBXFileReference; fileEncoding = 4; lastKnownFileType = sourcecode.c.h; path = CustomAnnotation_GPS.h; sourceTree = "<group>"; };
		98F93F8619FF6AFA00D2A30A /* CustomAnnotation_GPS.m */ = {isa = PBXFileReference; fileEncoding = 4; lastKnownFileType = sourcecode.c.objc; path = CustomAnnotation_GPS.m; sourceTree = "<group>"; };
		98F93F8719FF6AFA00D2A30A /* CustomAnnotation_GPS_Old.h */ = {isa = PBXFileReference; fileEncoding = 4; lastKnownFileType = sourcecode.c.h; path = CustomAnnotation_GPS_Old.h; sourceTree = "<group>"; };
		98F93F8819FF6AFA00D2A30A /* CustomAnnotation_GPS_Old.m */ = {isa = PBXFileReference; fileEncoding = 4; lastKnownFileType = sourcecode.c.objc; path = CustomAnnotation_GPS_Old.m; sourceTree = "<group>"; };
		98F93F8919FF6AFA00D2A30A /* CustomAnnotation_Hata.h */ = {isa = PBXFileReference; fileEncoding = 4; lastKnownFileType = sourcecode.c.h; path = CustomAnnotation_Hata.h; sourceTree = "<group>"; };
		98F93F8A19FF6AFA00D2A30A /* CustomAnnotation_Hata.m */ = {isa = PBXFileReference; fileEncoding = 4; lastKnownFileType = sourcecode.c.objc; path = CustomAnnotation_Hata.m; sourceTree = "<group>"; };
		98F93F8B19FF6AFA00D2A30A /* CustomAnnotation_HataOk.h */ = {isa = PBXFileReference; fileEncoding = 4; lastKnownFileType = sourcecode.c.h; path = CustomAnnotation_HataOk.h; sourceTree = "<group>"; };
		98F93F8C19FF6AFA00D2A30A /* CustomAnnotation_HataOk.m */ = {isa = PBXFileReference; fileEncoding = 4; lastKnownFileType = sourcecode.c.objc; path = CustomAnnotation_HataOk.m; sourceTree = "<group>"; };
		98F93F8D19FF6AFA00D2A30A /* CustomAnnotation_Photo.h */ = {isa = PBXFileReference; fileEncoding = 4; lastKnownFileType = sourcecode.c.h; path = CustomAnnotation_Photo.h; sourceTree = "<group>"; };
		98F93F8E19FF6AFA00D2A30A /* CustomAnnotation_Photo.m */ = {isa = PBXFileReference; fileEncoding = 4; lastKnownFileType = sourcecode.c.objc; path = CustomAnnotation_Photo.m; sourceTree = "<group>"; };
		98F93F8F19FF6AFA00D2A30A /* HataView.h */ = {isa = PBXFileReference; fileEncoding = 4; lastKnownFileType = sourcecode.c.h; path = HataView.h; sourceTree = "<group>"; };
		98F93F9019FF6AFA00D2A30A /* HataView.m */ = {isa = PBXFileReference; fileEncoding = 4; lastKnownFileType = sourcecode.c.objc; path = HataView.m; sourceTree = "<group>"; };
		98F93F9119FF6AFA00D2A30A /* HataViewController.h */ = {isa = PBXFileReference; fileEncoding = 4; lastKnownFileType = sourcecode.c.h; path = HataViewController.h; sourceTree = "<group>"; };
		98F93F9219FF6AFA00D2A30A /* HataViewController.m */ = {isa = PBXFileReference; fileEncoding = 4; lastKnownFileType = sourcecode.c.objc; path = HataViewController.m; sourceTree = "<group>"; };
		98F93F9319FF6AFA00D2A30A /* MapViewController.h */ = {isa = PBXFileReference; fileEncoding = 4; lastKnownFileType = sourcecode.c.h; path = MapViewController.h; sourceTree = "<group>"; };
		98F93F9419FF6AFA00D2A30A /* MapViewController.m */ = {isa = PBXFileReference; fileEncoding = 4; lastKnownFileType = sourcecode.c.objc; path = MapViewController.m; sourceTree = "<group>"; };
/* End PBXFileReference section */

/* Begin PBXFrameworksBuildPhase section */
		98F93F5019FF6A4700D2A30A /* Frameworks */ = {
			isa = PBXFrameworksBuildPhase;
			buildActionMask = 2147483647;
			files = (
			);
			runOnlyForDeploymentPostprocessing = 0;
		};
		98F93F6919FF6A4700D2A30A /* Frameworks */ = {
			isa = PBXFrameworksBuildPhase;
			buildActionMask = 2147483647;
			files = (
			);
			runOnlyForDeploymentPostprocessing = 0;
		};
/* End PBXFrameworksBuildPhase section */

/* Begin PBXGroup section */
		98F93F4A19FF6A4700D2A30A = {
			isa = PBXGroup;
			children = (
				98F93F5519FF6A4700D2A30A /* PhotoWalk */,
				98F93F6F19FF6A4700D2A30A /* PhotoWalkTests */,
				98F93F5419FF6A4700D2A30A /* Products */,
			);
			sourceTree = "<group>";
		};
		98F93F5419FF6A4700D2A30A /* Products */ = {
			isa = PBXGroup;
			children = (
				98F93F5319FF6A4700D2A30A /* PhotoWalk.app */,
				98F93F6C19FF6A4700D2A30A /* PhotoWalkTests.xctest */,
			);
			name = Products;
			sourceTree = "<group>";
		};
		98F93F5519FF6A4700D2A30A /* PhotoWalk */ = {
			isa = PBXGroup;
			children = (
				98F93F5A19FF6A4700D2A30A /* AppDelegate.h */,
				98F93F5B19FF6A4700D2A30A /* AppDelegate.m */,
				98F93F7C19FF6AFA00D2A30A /* Camera */,
				98F93F7F19FF6AFA00D2A30A /* Slideshow */,
				98F93F8219FF6AFA00D2A30A /* Tokushima */,
				98F93F5D19FF6A4700D2A30A /* ViewController.h */,
				98F93F5E19FF6A4700D2A30A /* ViewController.m */,
				98F93F6019FF6A4700D2A30A /* Main.storyboard */,
				98F93F6319FF6A4700D2A30A /* Images.xcassets */,
				98F93F6519FF6A4700D2A30A /* LaunchScreen.xib */,
				98F93F5619FF6A4700D2A30A /* Supporting Files */,
			);
			path = PhotoWalk;
			sourceTree = "<group>";
		};
		98F93F5619FF6A4700D2A30A /* Supporting Files */ = {
			isa = PBXGroup;
			children = (
				98F93F5719FF6A4700D2A30A /* Info.plist */,
				98F93F5819FF6A4700D2A30A /* main.m */,
			);
			name = "Supporting Files";
			sourceTree = "<group>";
		};
		98F93F6F19FF6A4700D2A30A /* PhotoWalkTests */ = {
			isa = PBXGroup;
			children = (
				98F93F7219FF6A4700D2A30A /* PhotoWalkTests.m */,
				98F93F7019FF6A4700D2A30A /* Supporting Files */,
			);
			path = PhotoWalkTests;
			sourceTree = "<group>";
		};
		98F93F7019FF6A4700D2A30A /* Supporting Files */ = {
			isa = PBXGroup;
			children = (
				98F93F7119FF6A4700D2A30A /* Info.plist */,
			);
			name = "Supporting Files";
			sourceTree = "<group>";
		};
		98F93F7C19FF6AFA00D2A30A /* Camera */ = {
			isa = PBXGroup;
			children = (
				98F93F7D19FF6AFA00D2A30A /* CameraViewController.h */,
				98F93F7E19FF6AFA00D2A30A /* CameraViewController.m */,
			);
			path = Camera;
			sourceTree = "<group>";
		};
		98F93F7F19FF6AFA00D2A30A /* Slideshow */ = {
			isa = PBXGroup;
			children = (
				98F93F8019FF6AFA00D2A30A /* SlideshowViewController.h */,
				98F93F8119FF6AFA00D2A30A /* SlideshowViewController.m */,
			);
			path = Slideshow;
			sourceTree = "<group>";
		};
		98F93F8219FF6AFA00D2A30A /* Tokushima */ = {
			isa = PBXGroup;
			children = (
				98F93F8319FF6AFA00D2A30A /* CustomAnnotation.h */,
				98F93F8419FF6AFA00D2A30A /* CustomAnnotation.m */,
				98F93F8519FF6AFA00D2A30A /* CustomAnnotation_GPS.h */,
				98F93F8619FF6AFA00D2A30A /* CustomAnnotation_GPS.m */,
				98F93F8719FF6AFA00D2A30A /* CustomAnnotation_GPS_Old.h */,
				98F93F8819FF6AFA00D2A30A /* CustomAnnotation_GPS_Old.m */,
				98F93F8919FF6AFA00D2A30A /* CustomAnnotation_Hata.h */,
				98F93F8A19FF6AFA00D2A30A /* CustomAnnotation_Hata.m */,
				98F93F8B19FF6AFA00D2A30A /* CustomAnnotation_HataOk.h */,
				98F93F8C19FF6AFA00D2A30A /* CustomAnnotation_HataOk.m */,
				98F93F8D19FF6AFA00D2A30A /* CustomAnnotation_Photo.h */,
				98F93F8E19FF6AFA00D2A30A /* CustomAnnotation_Photo.m */,
				98F93F8F19FF6AFA00D2A30A /* HataView.h */,
				98F93F9019FF6AFA00D2A30A /* HataView.m */,
				98F93F9119FF6AFA00D2A30A /* HataViewController.h */,
				98F93F9219FF6AFA00D2A30A /* HataViewController.m */,
				98F93F9319FF6AFA00D2A30A /* MapViewController.h */,
				98F93F9419FF6AFA00D2A30A /* MapViewController.m */,
			);
			path = Tokushima;
			sourceTree = "<group>";
		};
/* End PBXGroup section */

/* Begin PBXNativeTarget section */
		98F93F5219FF6A4700D2A30A /* PhotoWalk */ = {
			isa = PBXNativeTarget;
			buildConfigurationList = 98F93F7619FF6A4700D2A30A /* Build configuration list for PBXNativeTarget "PhotoWalk" */;
			buildPhases = (
				98F93F4F19FF6A4700D2A30A /* Sources */,
				98F93F5019FF6A4700D2A30A /* Frameworks */,
				98F93F5119FF6A4700D2A30A /* Resources */,
			);
			buildRules = (
			);
			dependencies = (
			);
			name = PhotoWalk;
			productName = PhotoWalk;
			productReference = 98F93F5319FF6A4700D2A30A /* PhotoWalk.app */;
			productType = "com.apple.product-type.application";
		};
		98F93F6B19FF6A4700D2A30A /* PhotoWalkTests */ = {
			isa = PBXNativeTarget;
			buildConfigurationList = 98F93F7919FF6A4700D2A30A /* Build configuration list for PBXNativeTarget "PhotoWalkTests" */;
			buildPhases = (
				98F93F6819FF6A4700D2A30A /* Sources */,
				98F93F6919FF6A4700D2A30A /* Frameworks */,
				98F93F6A19FF6A4700D2A30A /* Resources */,
			);
			buildRules = (
			);
			dependencies = (
				98F93F6E19FF6A4700D2A30A /* PBXTargetDependency */,
			);
			name = PhotoWalkTests;
			productName = PhotoWalkTests;
			productReference = 98F93F6C19FF6A4700D2A30A /* PhotoWalkTests.xctest */;
			productType = "com.apple.product-type.bundle.unit-test";
		};
/* End PBXNativeTarget section */

/* Begin PBXProject section */
		98F93F4B19FF6A4700D2A30A /* Project object */ = {
			isa = PBXProject;
			attributes = {
				LastUpgradeCheck = 0610;
				ORGANIZATIONNAME = "寺内 信夫";
				TargetAttributes = {
					98F93F5219FF6A4700D2A30A = {
						CreatedOnToolsVersion = 6.1;
					};
					98F93F6B19FF6A4700D2A30A = {
						CreatedOnToolsVersion = 6.1;
						TestTargetID = 98F93F5219FF6A4700D2A30A;
					};
				};
			};
			buildConfigurationList = 98F93F4E19FF6A4700D2A30A /* Build configuration list for PBXProject "PhotoWalk" */;
			compatibilityVersion = "Xcode 3.2";
			developmentRegion = English;
			hasScannedForEncodings = 0;
			knownRegions = (
				en,
				Base,
			);
			mainGroup = 98F93F4A19FF6A4700D2A30A;
			productRefGroup = 98F93F5419FF6A4700D2A30A /* Products */;
			projectDirPath = "";
			projectRoot = "";
			targets = (
				98F93F5219FF6A4700D2A30A /* PhotoWalk */,
				98F93F6B19FF6A4700D2A30A /* PhotoWalkTests */,
			);
		};
/* End PBXProject section */

/* Begin PBXResourcesBuildPhase section */
		98F93F5119FF6A4700D2A30A /* Resources */ = {
			isa = PBXResourcesBuildPhase;
			buildActionMask = 2147483647;
			files = (
				98F93F6219FF6A4700D2A30A /* Main.storyboard in Resources */,
				98F93F6719FF6A4700D2A30A /* LaunchScreen.xib in Resources */,
				98F93F6419FF6A4700D2A30A /* Images.xcassets in Resources */,
			);
			runOnlyForDeploymentPostprocessing = 0;
		};
		98F93F6A19FF6A4700D2A30A /* Resources */ = {
			isa = PBXResourcesBuildPhase;
			buildActionMask = 2147483647;
			files = (
			);
			runOnlyForDeploymentPostprocessing = 0;
		};
/* End PBXResourcesBuildPhase section */

/* Begin PBXSourcesBuildPhase section */
		98F93F4F19FF6A4700D2A30A /* Sources */ = {
			isa = PBXSourcesBuildPhase;
			buildActionMask = 2147483647;
			files = (
				98F93F5F19FF6A4700D2A30A /* ViewController.m in Sources */,
				98F93F9E19FF6AFA00D2A30A /* HataViewController.m in Sources */,
				98F93F9619FF6AFA00D2A30A /* SlideshowViewController.m in Sources */,
				98F93F9919FF6AFA00D2A30A /* CustomAnnotation_GPS_Old.m in Sources */,
				98F93F9B19FF6AFA00D2A30A /* CustomAnnotation_HataOk.m in Sources */,
				98F93F9519FF6AFA00D2A30A /* CameraViewController.m in Sources */,
				98F93F9719FF6AFA00D2A30A /* CustomAnnotation.m in Sources */,
				98F93F9D19FF6AFA00D2A30A /* HataView.m in Sources */,
				98F93F5C19FF6A4700D2A30A /* AppDelegate.m in Sources */,
				98F93F9C19FF6AFA00D2A30A /* CustomAnnotation_Photo.m in Sources */,
				98F93F9819FF6AFA00D2A30A /* CustomAnnotation_GPS.m in Sources */,
				98F93F5919FF6A4700D2A30A /* main.m in Sources */,
				98F93F9A19FF6AFA00D2A30A /* CustomAnnotation_Hata.m in Sources */,
				98F93F9F19FF6AFA00D2A30A /* MapViewController.m in Sources */,
			);
			runOnlyForDeploymentPostprocessing = 0;
		};
		98F93F6819FF6A4700D2A30A /* Sources */ = {
			isa = PBXSourcesBuildPhase;
			buildActionMask = 2147483647;
			files = (
				98F93F7319FF6A4700D2A30A /* PhotoWalkTests.m in Sources */,
			);
			runOnlyForDeploymentPostprocessing = 0;
		};
/* End PBXSourcesBuildPhase section */

/* Begin PBXTargetDependency section */
		98F93F6E19FF6A4700D2A30A /* PBXTargetDependency */ = {
			isa = PBXTargetDependency;
			target = 98F93F5219FF6A4700D2A30A /* PhotoWalk */;
			targetProxy = 98F93F6D19FF6A4700D2A30A /* PBXContainerItemProxy */;
		};
/* End PBXTargetDependency section */

/* Begin PBXVariantGroup section */
		98F93F6019FF6A4700D2A30A /* Main.storyboard */ = {
			isa = PBXVariantGroup;
			children = (
				98F93F6119FF6A4700D2A30A /* Base */,
			);
			name = Main.storyboard;
			sourceTree = "<group>";
		};
		98F93F6519FF6A4700D2A30A /* LaunchScreen.xib */ = {
			isa = PBXVariantGroup;
			children = (
				98F93F6619FF6A4700D2A30A /* Base */,
			);
			name = LaunchScreen.xib;
			sourceTree = "<group>";
		};
/* End PBXVariantGroup section */

/* Begin XCBuildConfiguration section */
		98F93F7419FF6A4700D2A30A /* Debug */ = {
			isa = XCBuildConfiguration;
			buildSettings = {
				ALWAYS_SEARCH_USER_PATHS = NO;
				CLANG_CXX_LANGUAGE_STANDARD = "gnu++0x";
				CLANG_CXX_LIBRARY = "libc++";
				CLANG_ENABLE_MODULES = YES;
				CLANG_ENABLE_OBJC_ARC = YES;
				CLANG_WARN_BOOL_CONVERSION = YES;
				CLANG_WARN_CONSTANT_CONVERSION = YES;
				CLANG_WARN_DIRECT_OBJC_ISA_USAGE = YES_ERROR;
				CLANG_WARN_EMPTY_BODY = YES;
				CLANG_WARN_ENUM_CONVERSION = YES;
				CLANG_WARN_INT_CONVERSION = YES;
				CLANG_WARN_OBJC_ROOT_CLASS = YES_ERROR;
				CLANG_WARN_UNREACHABLE_CODE = YES;
				CLANG_WARN__DUPLICATE_METHOD_MATCH = YES;
				"CODE_SIGN_IDENTITY[sdk=iphoneos*]" = "iPhone Developer";
				COPY_PHASE_STRIP = NO;
				ENABLE_STRICT_OBJC_MSGSEND = YES;
				GCC_C_LANGUAGE_STANDARD = gnu99;
				GCC_DYNAMIC_NO_PIC = NO;
				GCC_OPTIMIZATION_LEVEL = 0;
				GCC_PREPROCESSOR_DEFINITIONS = (
					"DEBUG=1",
					"$(inherited)",
				);
				GCC_SYMBOLS_PRIVATE_EXTERN = NO;
				GCC_WARN_64_TO_32_BIT_CONVERSION = YES;
				GCC_WARN_ABOUT_RETURN_TYPE = YES_ERROR;
				GCC_WARN_UNDECLARED_SELECTOR = YES;
				GCC_WARN_UNINITIALIZED_AUTOS = YES_AGGRESSIVE;
				GCC_WARN_UNUSED_FUNCTION = YES;
				GCC_WARN_UNUSED_VARIABLE = YES;
				IPHONEOS_DEPLOYMENT_TARGET = 8.1;
				MTL_ENABLE_DEBUG_INFO = YES;
				ONLY_ACTIVE_ARCH = YES;
				SDKROOT = iphoneos;
				TARGETED_DEVICE_FAMILY = "1,2";
			};
			name = Debug;
		};
		98F93F7519FF6A4700D2A30A /* Release */ = {
			isa = XCBuildConfiguration;
			buildSettings = {
				ALWAYS_SEARCH_USER_PATHS = NO;
				CLANG_CXX_LANGUAGE_STANDARD = "gnu++0x";
				CLANG_CXX_LIBRARY = "libc++";
				CLANG_ENABLE_MODULES = YES;
				CLANG_ENABLE_OBJC_ARC = YES;
				CLANG_WARN_BOOL_CONVERSION = YES;
				CLANG_WARN_CONSTANT_CONVERSION = YES;
				CLANG_WARN_DIRECT_OBJC_ISA_USAGE = YES_ERROR;
				CLANG_WARN_EMPTY_BODY = YES;
				CLANG_WARN_ENUM_CONVERSION = YES;
				CLANG_WARN_INT_CONVERSION = YES;
				CLANG_WARN_OBJC_ROOT_CLASS = YES_ERROR;
				CLANG_WARN_UNREACHABLE_CODE = YES;
				CLANG_WARN__DUPLICATE_METHOD_MATCH = YES;
				"CODE_SIGN_IDENTITY[sdk=iphoneos*]" = "iPhone Developer";
				COPY_PHASE_STRIP = YES;
				ENABLE_NS_ASSERTIONS = NO;
				ENABLE_STRICT_OBJC_MSGSEND = YES;
				GCC_C_LANGUAGE_STANDARD = gnu99;
				GCC_WARN_64_TO_32_BIT_CONVERSION = YES;
				GCC_WARN_ABOUT_RETURN_TYPE = YES_ERROR;
				GCC_WARN_UNDECLARED_SELECTOR = YES;
				GCC_WARN_UNINITIALIZED_AUTOS = YES_AGGRESSIVE;
				GCC_WARN_UNUSED_FUNCTION = YES;
				GCC_WARN_UNUSED_VARIABLE = YES;
				IPHONEOS_DEPLOYMENT_TARGET = 8.1;
				MTL_ENABLE_DEBUG_INFO = NO;
				SDKROOT = iphoneos;
				TARGETED_DEVICE_FAMILY = "1,2";
				VALIDATE_PRODUCT = YES;
			};
			name = Release;
		};
		98F93F7719FF6A4700D2A30A /* Debug */ = {
			isa = XCBuildConfiguration;
			buildSettings = {
				ASSETCATALOG_COMPILER_APPICON_NAME = AppIcon;
				INFOPLIST_FILE = PhotoWalk/Info.plist;
				LD_RUNPATH_SEARCH_PATHS = "$(inherited) @executable_path/Frameworks";
				PRODUCT_NAME = "$(TARGET_NAME)";
			};
			name = Debug;
		};
		98F93F7819FF6A4700D2A30A /* Release */ = {
			isa = XCBuildConfiguration;
			buildSettings = {
				ASSETCATALOG_COMPILER_APPICON_NAME = AppIcon;
				INFOPLIST_FILE = PhotoWalk/Info.plist;
				LD_RUNPATH_SEARCH_PATHS = "$(inherited) @executable_path/Frameworks";
				PRODUCT_NAME = "$(TARGET_NAME)";
			};
			name = Release;
		};
		98F93F7A19FF6A4700D2A30A /* Debug */ = {
			isa = XCBuildConfiguration;
			buildSettings = {
				BUNDLE_LOADER = "$(TEST_HOST)";
				FRAMEWORK_SEARCH_PATHS = (
					"$(SDKROOT)/Developer/Library/Frameworks",
					"$(inherited)",
				);
				GCC_PREPROCESSOR_DEFINITIONS = (
					"DEBUG=1",
					"$(inherited)",
				);
				INFOPLIST_FILE = PhotoWalkTests/Info.plist;
				LD_RUNPATH_SEARCH_PATHS = "$(inherited) @executable_path/Frameworks @loader_path/Frameworks";
				PRODUCT_NAME = "$(TARGET_NAME)";
				TEST_HOST = "$(BUILT_PRODUCTS_DIR)/PhotoWalk.app/PhotoWalk";
			};
			name = Debug;
		};
		98F93F7B19FF6A4700D2A30A /* Release */ = {
			isa = XCBuildConfiguration;
			buildSettings = {
				BUNDLE_LOADER = "$(TEST_HOST)";
				FRAMEWORK_SEARCH_PATHS = (
					"$(SDKROOT)/Developer/Library/Frameworks",
					"$(inherited)",
				);
				INFOPLIST_FILE = PhotoWalkTests/Info.plist;
				LD_RUNPATH_SEARCH_PATHS = "$(inherited) @executable_path/Frameworks @loader_path/Frameworks";
				PRODUCT_NAME = "$(TARGET_NAME)";
				TEST_HOST = "$(BUILT_PRODUCTS_DIR)/PhotoWalk.app/PhotoWalk";
			};
			name = Release;
		};
/* End XCBuildConfiguration section */

/* Begin XCConfigurationList section */
		98F93F4E19FF6A4700D2A30A /* Build configuration list for PBXProject "PhotoWalk" */ = {
			isa = XCConfigurationList;
			buildConfigurations = (
				98F93F7419FF6A4700D2A30A /* Debug */,
				98F93F7519FF6A4700D2A30A /* Release */,
			);
			defaultConfigurationIsVisible = 0;
			defaultConfigurationName = Release;
		};
		98F93F7619FF6A4700D2A30A /* Build configuration list for PBXNativeTarget "PhotoWalk" */ = {
			isa = XCConfigurationList;
			buildConfigurations = (
				98F93F7719FF6A4700D2A30A /* Debug */,
				98F93F7819FF6A4700D2A30A /* Release */,
			);
			defaultConfigurationIsVisible = 0;
		};
		98F93F7919FF6A4700D2A30A /* Build configuration list for PBXNativeTarget "PhotoWalkTests" */ = {
			isa = XCConfigurationList;
			buildConfigurations = (
				98F93F7A19FF6A4700D2A30A /* Debug */,
				98F93F7B19FF6A4700D2A30A /* Release */,
			);
			defaultConfigurationIsVisible = 0;
		};
/* End XCConfigurationList section */
	};
	rootObject = 98F93F4B19FF6A4700D2A30A /* Project object */;
}
